{
  "name": "blynk-library",
  "version": "0.5.4",
  "lockfileVersion": 2,
  "requires": true,
  "packages": {
    "": {
      "name": "blynk-library",
      "version": "0.5.4",
      "license": "MIT",
      "dependencies": {
        "blynk-library": "^0.5.4"
      },
      "bin": {
        "blynk-client": "bin/blynk-client.js",
        "blynk-ctrl": "bin/blynk-ctrl.js"
      },
      "engines": {
        "node": ">= 0.12.0"
      }
    },
    "node_modules/blynk-library": {
      "version": "0.5.4",
      "resolved": "https://registry.npmjs.org/blynk-library/-/blynk-library-0.5.4.tgz",
      "integrity": "sha512-iha3Fb1ShUOj5ozXzDLZCroi6eWuiOojgylHCdtCxYKBmH5jK0SJa1+Ot6SVpSSvTljRrzt7sysG4e0w/Rftkw==",
      "bin": {
        "blynk-client": "bin/blynk-client.js",
        "blynk-ctrl": "bin/blynk-ctrl.js"
      },
      "engines": {
        "node": ">= 0.12.0"
      }
    }
  },
  "dependencies": {
    "blynk-library": {
      "version": "0.5.4",
      "resolved": "https://registry.npmjs.org/blynk-library/-/blynk-library-0.5.4.tgz",
      "integrity": "sha512-iha3Fb1ShUOj5ozXzDLZCroi6eWuiOojgylHCdtCxYKBmH5jK0SJa1+Ot6SVpSSvTljRrzt7sysG4e0w/Rftkw=="
    }
  }
}
